
Microsoft Visual Studio Solution File, Format Version 12.00
# Visual Studio Version 17
VisualStudioVersion = 17.8.34330.188
MinimumVisualStudioVersion = 10.0.40219.1
Project("{2150E333-8FDC-42A3-9474-1A3956D46DE8}") = "src", "src", "{0D1561ED-EB1B-4CCC-8830-616C709CF01F}"
EndProject
Project("{2150E333-8FDC-42A3-9474-1A3956D46DE8}") = "Engine", "Engine", "{342D8963-7962-43C3-8BE2-31BD91F25264}"
EndProject
Project("{2150E333-8FDC-42A3-9474-1A3956D46DE8}") = "tests", "tests", "{BCD0FBA1-BECF-4572-AE2E-266C9204E03B}"
EndProject
Project("{9A19103F-16F7-4668-BE54-9A1E7A4F7556}") = "Engine.Core.Score", "src\Engine.Core.Score\Engine.Core.Score.csproj", "{505C7B0E-F8A6-49AA-94E0-DC33C59CAC15}"
EndProject
Project("{2150E333-8FDC-42A3-9474-1A3956D46DE8}") = "Cli", "Cli", "{5F8126FC-EC9E-4A24-80EF-D16D65DB6D8E}"
EndProject
Project("{9A19103F-16F7-4668-BE54-9A1E7A4F7556}") = "Cli.Console", "src\Cli.Console\Cli.Console.csproj", "{04A89C24-602D-4CC4-B0B9-9670FE73E301}"
EndProject
Project("{FAE04EC0-301F-11D3-BF4B-00C04F79EFBC}") = "Engine.Core", "src\Engine.Core\Engine.Core.csproj", "{AB5D1BBB-C529-4FBA-B5DF-272870EB0BD4}"
EndProject
Global
	GlobalSection(SolutionConfigurationPlatforms) = preSolution
		Debug|Any CPU = Debug|Any CPU
		Release|Any CPU = Release|Any CPU
	EndGlobalSection
	GlobalSection(ProjectConfigurationPlatforms) = postSolution
		{505C7B0E-F8A6-49AA-94E0-DC33C59CAC15}.Debug|Any CPU.ActiveCfg = Debug|Any CPU
		{505C7B0E-F8A6-49AA-94E0-DC33C59CAC15}.Debug|Any CPU.Build.0 = Debug|Any CPU
		{505C7B0E-F8A6-49AA-94E0-DC33C59CAC15}.Release|Any CPU.ActiveCfg = Release|Any CPU
		{505C7B0E-F8A6-49AA-94E0-DC33C59CAC15}.Release|Any CPU.Build.0 = Release|Any CPU
		{04A89C24-602D-4CC4-B0B9-9670FE73E301}.Debug|Any CPU.ActiveCfg = Debug|Any CPU
		{04A89C24-602D-4CC4-B0B9-9670FE73E301}.Debug|Any CPU.Build.0 = Debug|Any CPU
		{04A89C24-602D-4CC4-B0B9-9670FE73E301}.Release|Any CPU.ActiveCfg = Release|Any CPU
		{04A89C24-602D-4CC4-B0B9-9670FE73E301}.Release|Any CPU.Build.0 = Release|Any CPU
		{AB5D1BBB-C529-4FBA-B5DF-272870EB0BD4}.Debug|Any CPU.ActiveCfg = Debug|Any CPU
		{AB5D1BBB-C529-4FBA-B5DF-272870EB0BD4}.Debug|Any CPU.Build.0 = Debug|Any CPU
		{AB5D1BBB-C529-4FBA-B5DF-272870EB0BD4}.Release|Any CPU.ActiveCfg = Release|Any CPU
		{AB5D1BBB-C529-4FBA-B5DF-272870EB0BD4}.Release|Any CPU.Build.0 = Release|Any CPU
	EndGlobalSection
	GlobalSection(SolutionProperties) = preSolution
		HideSolutionNode = FALSE
	EndGlobalSection
	GlobalSection(NestedProjects) = preSolution
		{342D8963-7962-43C3-8BE2-31BD91F25264} = {0D1561ED-EB1B-4CCC-8830-616C709CF01F}
		{505C7B0E-F8A6-49AA-94E0-DC33C59CAC15} = {342D8963-7962-43C3-8BE2-31BD91F25264}
		{5F8126FC-EC9E-4A24-80EF-D16D65DB6D8E} = {0D1561ED-EB1B-4CCC-8830-616C709CF01F}
		{04A89C24-602D-4CC4-B0B9-9670FE73E301} = {5F8126FC-EC9E-4A24-80EF-D16D65DB6D8E}
		{AB5D1BBB-C529-4FBA-B5DF-272870EB0BD4} = {342D8963-7962-43C3-8BE2-31BD91F25264}
	EndGlobalSection
	GlobalSection(ExtensibilityGlobals) = postSolution
		SolutionGuid = {B3C11EBD-37E0-49F6-8B90-A8FAFC7E1B12}
	EndGlobalSection
EndGlobal
